
Microsoft Visual Studio Solution File, Format Version 12.00
# Visual Studio Version 16
VisualStudioVersion = 16.0.32413.511
MinimumVisualStudioVersion = 10.0.40219.1
Project("{FAE04EC0-301F-11D3-BF4B-00C04F79EFBC}") = "MISA.SHOPPRODUCT", "MISA.SHOPPRODUCT\MISA.SHOPPRODUCT.csproj", "{9F41538A-AFE9-41E4-AB10-BE3AF65DB6AF}"
EndProject
Global
	GlobalSection(SolutionConfigurationPlatforms) = preSolution
		Debug|Any CPU = Debug|Any CPU
		Release|Any CPU = Release|Any CPU
	EndGlobalSection
	GlobalSection(ProjectConfigurationPlatforms) = postSolution
		{9F41538A-AFE9-41E4-AB10-BE3AF65DB6AF}.Debug|Any CPU.ActiveCfg = Debug|Any CPU
		{9F41538A-AFE9-41E4-AB10-BE3AF65DB6AF}.Debug|Any CPU.Build.0 = Debug|Any CPU
		{9F41538A-AFE9-41E4-AB10-BE3AF65DB6AF}.Release|Any CPU.ActiveCfg = Release|Any CPU
		{9F41538A-AFE9-41E4-AB10-BE3AF65DB6AF}.Release|Any CPU.Build.0 = Release|Any CPU
	EndGlobalSection
	GlobalSection(SolutionProperties) = preSolution
		HideSolutionNode = FALSE
	EndGlobalSection
	GlobalSection(ExtensibilityGlobals) = postSolution
		SolutionGuid = {809976D3-1704-4295-B9E3-D98DCAFCB9AF}
	EndGlobalSection
EndGlobal
